
Microsoft Visual Studio Solution File, Format Version 12.00
# Visual Studio 14
VisualStudioVersion = 14.0.25420.1
MinimumVisualStudioVersion = 10.0.40219.1
Project("{FAE04EC0-301F-11D3-BF4B-00C04F79EFBC}") = "Light.Framework.Core", "Light.Framework.Core\Light.Framework.Core.csproj", "{EA12DB61-B992-4188-AC52-F70A7F6FE446}"
EndProject
Project("{FAE04EC0-301F-11D3-BF4B-00C04F79EFBC}") = "Light.Framework.Data", "Light.Framework.Data\Light.Framework.Data.csproj", "{14475223-57E1-48F6-803B-04708BDFC375}"
EndProject
Project("{FAE04EC0-301F-11D3-BF4B-00C04F79EFBC}") = "Light.Framework.Service", "Light.Framework.Service\Light.Framework.Service.csproj", "{3F3E8A77-7293-416F-A703-9D0F895BC278}"
EndProject
Project("{FAE04EC0-301F-11D3-BF4B-00C04F79EFBC}") = "Light.Framework.Web.Base", "Light.Framework.Web.Base\Light.Framework.Web.Base.csproj", "{A62575E3-3D35-4B52-B180-B54E97BAD76D}"
EndProject
Project("{FAE04EC0-301F-11D3-BF4B-00C04F79EFBC}") = "Light.Framework.Service.Admin", "Light.Framework.Service.Admin\Light.Framework.Service.Admin.csproj", "{584C5C9B-3245-4242-8FA0-DD7CE2BCD9B0}"
EndProject
Project("{FAE04EC0-301F-11D3-BF4B-00C04F79EFBC}") = "Light.Framework.Web", "Light.Framework.Web\Light.Framework.Web.csproj", "{5DFB3FD6-4190-46F7-9214-7D045007FDE3}"
EndProject
Global
	GlobalSection(SolutionConfigurationPlatforms) = preSolution
		Debug|Any CPU = Debug|Any CPU
		Release|Any CPU = Release|Any CPU
	EndGlobalSection
	GlobalSection(ProjectConfigurationPlatforms) = postSolution
		{EA12DB61-B992-4188-AC52-F70A7F6FE446}.Debug|Any CPU.ActiveCfg = Debug|Any CPU
		{EA12DB61-B992-4188-AC52-F70A7F6FE446}.Debug|Any CPU.Build.0 = Debug|Any CPU
		{EA12DB61-B992-4188-AC52-F70A7F6FE446}.Release|Any CPU.ActiveCfg = Release|Any CPU
		{EA12DB61-B992-4188-AC52-F70A7F6FE446}.Release|Any CPU.Build.0 = Release|Any CPU
		{14475223-57E1-48F6-803B-04708BDFC375}.Debug|Any CPU.ActiveCfg = Debug|Any CPU
		{14475223-57E1-48F6-803B-04708BDFC375}.Debug|Any CPU.Build.0 = Debug|Any CPU
		{14475223-57E1-48F6-803B-04708BDFC375}.Release|Any CPU.ActiveCfg = Release|Any CPU
		{14475223-57E1-48F6-803B-04708BDFC375}.Release|Any CPU.Build.0 = Release|Any CPU
		{3F3E8A77-7293-416F-A703-9D0F895BC278}.Debug|Any CPU.ActiveCfg = Debug|Any CPU
		{3F3E8A77-7293-416F-A703-9D0F895BC278}.Debug|Any CPU.Build.0 = Debug|Any CPU
		{3F3E8A77-7293-416F-A703-9D0F895BC278}.Release|Any CPU.ActiveCfg = Release|Any CPU
		{3F3E8A77-7293-416F-A703-9D0F895BC278}.Release|Any CPU.Build.0 = Release|Any CPU
		{A62575E3-3D35-4B52-B180-B54E97BAD76D}.Debug|Any CPU.ActiveCfg = Debug|Any CPU
		{A62575E3-3D35-4B52-B180-B54E97BAD76D}.Debug|Any CPU.Build.0 = Debug|Any CPU
		{A62575E3-3D35-4B52-B180-B54E97BAD76D}.Release|Any CPU.ActiveCfg = Release|Any CPU
		{A62575E3-3D35-4B52-B180-B54E97BAD76D}.Release|Any CPU.Build.0 = Release|Any CPU
		{584C5C9B-3245-4242-8FA0-DD7CE2BCD9B0}.Debug|Any CPU.ActiveCfg = Debug|Any CPU
		{584C5C9B-3245-4242-8FA0-DD7CE2BCD9B0}.Debug|Any CPU.Build.0 = Debug|Any CPU
		{584C5C9B-3245-4242-8FA0-DD7CE2BCD9B0}.Release|Any CPU.ActiveCfg = Release|Any CPU
		{584C5C9B-3245-4242-8FA0-DD7CE2BCD9B0}.Release|Any CPU.Build.0 = Release|Any CPU
		{5DFB3FD6-4190-46F7-9214-7D045007FDE3}.Debug|Any CPU.ActiveCfg = Debug|Any CPU
		{5DFB3FD6-4190-46F7-9214-7D045007FDE3}.Debug|Any CPU.Build.0 = Debug|Any CPU
		{5DFB3FD6-4190-46F7-9214-7D045007FDE3}.Release|Any CPU.ActiveCfg = Release|Any CPU
		{5DFB3FD6-4190-46F7-9214-7D045007FDE3}.Release|Any CPU.Build.0 = Release|Any CPU
	EndGlobalSection
	GlobalSection(SolutionProperties) = preSolution
		HideSolutionNode = FALSE
	EndGlobalSection
EndGlobal
